// !$*UTF8*$!
{
	archiveVersion = 1;
	classes = {
	};
	objectVersion = 56;
	objects = {

/* Begin PBXBuildFile section */
		3932A5E52992AEF3004CDC98 /* BingeRow.swift in Sources */ = {isa = PBXBuildFile; fileRef = 3932A5E42992AEF3004CDC98 /* BingeRow.swift */; };
		393EF0C22991335B00E51979 /* MyBingeQeuerApp.swift in Sources */ = {isa = PBXBuildFile; fileRef = 393EF0C12991335B00E51979 /* MyBingeQeuerApp.swift */; };
		393EF0C42991335B00E51979 /* ContentView.swift in Sources */ = {isa = PBXBuildFile; fileRef = 393EF0C32991335B00E51979 /* ContentView.swift */; };
		393EF0C62991335B00E51979 /* Assets.xcassets in Resources */ = {isa = PBXBuildFile; fileRef = 393EF0C52991335B00E51979 /* Assets.xcassets */; };
		393EF0CA2991335B00E51979 /* Preview Assets.xcassets in Resources */ = {isa = PBXBuildFile; fileRef = 393EF0C92991335B00E51979 /* Preview Assets.xcassets */; };
		393EF0D42991335B00E51979 /* MyBingeQeuerTests.swift in Sources */ = {isa = PBXBuildFile; fileRef = 393EF0D32991335B00E51979 /* MyBingeQeuerTests.swift */; };
		393EF0DE2991335B00E51979 /* MyBingeQeuerUITests.swift in Sources */ = {isa = PBXBuildFile; fileRef = 393EF0DD2991335B00E51979 /* MyBingeQeuerUITests.swift */; };
		393EF0E02991335B00E51979 /* MyBingeQeuerUITestsLaunchTests.swift in Sources */ = {isa = PBXBuildFile; fileRef = 393EF0DF2991335B00E51979 /* MyBingeQeuerUITestsLaunchTests.swift */; };
		3974DA702992B190003CF448 /* Series.swift in Sources */ = {isa = PBXBuildFile; fileRef = 3974DA6F2992B190003CF448 /* Series.swift */; };
		3974DA772992B833003CF448 /* SeriesList.swift in Sources */ = {isa = PBXBuildFile; fileRef = 3974DA762992B833003CF448 /* SeriesList.swift */; };
/* End PBXBuildFile section */

/* Begin PBXContainerItemProxy section */
		393EF0D02991335B00E51979 /* PBXContainerItemProxy */ = {
			isa = PBXContainerItemProxy;
			containerPortal = 393EF0B62991335B00E51979 /* Project object */;
			proxyType = 1;
			remoteGlobalIDString = 393EF0BD2991335B00E51979;
			remoteInfo = MyBingeQeuer;
		};
		393EF0DA2991335B00E51979 /* PBXContainerItemProxy */ = {
			isa = PBXContainerItemProxy;
			containerPortal = 393EF0B62991335B00E51979 /* Project object */;
			proxyType = 1;
			remoteGlobalIDString = 393EF0BD2991335B00E51979;
			remoteInfo = MyBingeQeuer;
		};
/* End PBXContainerItemProxy section */

/* Begin PBXFileReference section */
		3932A5E42992AEF3004CDC98 /* BingeRow.swift */ = {isa = PBXFileReference; lastKnownFileType = sourcecode.swift; path = BingeRow.swift; sourceTree = "<group>"; };
		393EF0BE2991335B00E51979 /* MyBingeQeuer.app */ = {isa = PBXFileReference; explicitFileType = wrapper.application; includeInIndex = 0; path = MyBingeQeuer.app; sourceTree = BUILT_PRODUCTS_DIR; };
		393EF0C12991335B00E51979 /* MyBingeQeuerApp.swift */ = {isa = PBXFileReference; lastKnownFileType = sourcecode.swift; path = MyBingeQeuerApp.swift; sourceTree = "<group>"; };
		393EF0C32991335B00E51979 /* ContentView.swift */ = {isa = PBXFileReference; lastKnownFileType = sourcecode.swift; path = ContentView.swift; sourceTree = "<group>"; };
		393EF0C52991335B00E51979 /* Assets.xcassets */ = {isa = PBXFileReference; lastKnownFileType = folder.assetcatalog; path = Assets.xcassets; sourceTree = "<group>"; };
		393EF0C72991335B00E51979 /* MyBingeQeuer.entitlements */ = {isa = PBXFileReference; lastKnownFileType = text.plist.entitlements; path = MyBingeQeuer.entitlements; sourceTree = "<group>"; };
		393EF0C92991335B00E51979 /* Preview Assets.xcassets */ = {isa = PBXFileReference; lastKnownFileType = folder.assetcatalog; path = "Preview Assets.xcassets"; sourceTree = "<group>"; };
		393EF0CF2991335B00E51979 /* MyBingeQeuerTests.xctest */ = {isa = PBXFileReference; explicitFileType = wrapper.cfbundle; includeInIndex = 0; path = MyBingeQeuerTests.xctest; sourceTree = BUILT_PRODUCTS_DIR; };
		393EF0D32991335B00E51979 /* MyBingeQeuerTests.swift */ = {isa = PBXFileReference; lastKnownFileType = sourcecode.swift; path = MyBingeQeuerTests.swift; sourceTree = "<group>"; };
		393EF0D92991335B00E51979 /* MyBingeQeuerUITests.xctest */ = {isa = PBXFileReference; explicitFileType = wrapper.cfbundle; includeInIndex = 0; path = MyBingeQeuerUITests.xctest; sourceTree = BUILT_PRODUCTS_DIR; };
		393EF0DD2991335B00E51979 /* MyBingeQeuerUITests.swift */ = {isa = PBXFileReference; lastKnownFileType = sourcecode.swift; path = MyBingeQeuerUITests.swift; sourceTree = "<group>"; };
		393EF0DF2991335B00E51979 /* MyBingeQeuerUITestsLaunchTests.swift */ = {isa = PBXFileReference; lastKnownFileType = sourcecode.swift; path = MyBingeQeuerUITestsLaunchTests.swift; sourceTree = "<group>"; };
		3974DA6F2992B190003CF448 /* Series.swift */ = {isa = PBXFileReference; lastKnownFileType = sourcecode.swift; path = Series.swift; sourceTree = "<group>"; };
		3974DA762992B833003CF448 /* SeriesList.swift */ = {isa = PBXFileReference; lastKnownFileType = sourcecode.swift; path = SeriesList.swift; sourceTree = "<group>"; };
/* End PBXFileReference section */

/* Begin PBXFrameworksBuildPhase section */
		393EF0BB2991335B00E51979 /* Frameworks */ = {
			isa = PBXFrameworksBuildPhase;
			buildActionMask = 2147483647;
			files = (
			);
			runOnlyForDeploymentPostprocessing = 0;
		};
		393EF0CC2991335B00E51979 /* Frameworks */ = {
			isa = PBXFrameworksBuildPhase;
			buildActionMask = 2147483647;
			files = (
			);
			runOnlyForDeploymentPostprocessing = 0;
		};
		393EF0D62991335B00E51979 /* Frameworks */ = {
			isa = PBXFrameworksBuildPhase;
			buildActionMask = 2147483647;
			files = (
			);
			runOnlyForDeploymentPostprocessing = 0;
		};
/* End PBXFrameworksBuildPhase section */

/* Begin PBXGroup section */
		3932A5E22992AEC7004CDC98 /* View */ = {
			isa = PBXGroup;
			children = (
				3974DA762992B833003CF448 /* SeriesList.swift */,
				3932A5E32992AED1004CDC98 /* Components */,
			);
			path = View;
			sourceTree = "<group>";
		};
		3932A5E32992AED1004CDC98 /* Components */ = {
			isa = PBXGroup;
			children = (
				3932A5E42992AEF3004CDC98 /* BingeRow.swift */,
			);
			path = Components;
			sourceTree = "<group>";
		};
		393EF0B52991335B00E51979 = {
			isa = PBXGroup;
			children = (
				393EF0C02991335B00E51979 /* MyBingeQeuer */,
				393EF0D22991335B00E51979 /* MyBingeQeuerTests */,
				393EF0DC2991335B00E51979 /* MyBingeQeuerUITests */,
				393EF0BF2991335B00E51979 /* Products */,
			);
			sourceTree = "<group>";
		};
		393EF0BF2991335B00E51979 /* Products */ = {
			isa = PBXGroup;
			children = (
				393EF0BE2991335B00E51979 /* MyBingeQeuer.app */,
				393EF0CF2991335B00E51979 /* MyBingeQeuerTests.xctest */,
				393EF0D92991335B00E51979 /* MyBingeQeuerUITests.xctest */,
			);
			name = Products;
			sourceTree = "<group>";
		};
		393EF0C02991335B00E51979 /* MyBingeQeuer */ = {
			isa = PBXGroup;
			children = (
				3974DA732992B247003CF448 /* Model */,
				3932A5E22992AEC7004CDC98 /* View */,
				393EF0C12991335B00E51979 /* MyBingeQeuerApp.swift */,
				393EF0C32991335B00E51979 /* ContentView.swift */,
				393EF0C52991335B00E51979 /* Assets.xcassets */,
				393EF0C72991335B00E51979 /* MyBingeQeuer.entitlements */,
				393EF0C82991335B00E51979 /* Preview Content */,
			);
			path = MyBingeQeuer;
			sourceTree = "<group>";
		};
		393EF0C82991335B00E51979 /* Preview Content */ = {
			isa = PBXGroup;
			children = (
				393EF0C92991335B00E51979 /* Preview Assets.xcassets */,
			);
			path = "Preview Content";
			sourceTree = "<group>";
		};
		393EF0D22991335B00E51979 /* MyBingeQeuerTests */ = {
			isa = PBXGroup;
			children = (
				393EF0D32991335B00E51979 /* MyBingeQeuerTests.swift */,
			);
			path = MyBingeQeuerTests;
			sourceTree = "<group>";
		};
		393EF0DC2991335B00E51979 /* MyBingeQeuerUITests */ = {
			isa = PBXGroup;
			children = (
				393EF0DD2991335B00E51979 /* MyBingeQeuerUITests.swift */,
				393EF0DF2991335B00E51979 /* MyBingeQeuerUITestsLaunchTests.swift */,
			);
			path = MyBingeQeuerUITests;
			sourceTree = "<group>";
		};
		3974DA732992B247003CF448 /* Model */ = {
			isa = PBXGroup;
			children = (
				3974DA6F2992B190003CF448 /* Series.swift */,
			);
			path = Model;
			sourceTree = "<group>";
		};
/* End PBXGroup section */

/* Begin PBXNativeTarget section */
		393EF0BD2991335B00E51979 /* MyBingeQeuer */ = {
			isa = PBXNativeTarget;
			buildConfigurationList = 393EF0E32991335B00E51979 /* Build configuration list for PBXNativeTarget "MyBingeQeuer" */;
			buildPhases = (
				393EF0BA2991335B00E51979 /* Sources */,
				393EF0BB2991335B00E51979 /* Frameworks */,
				393EF0BC2991335B00E51979 /* Resources */,
			);
			buildRules = (
			);
			dependencies = (
			);
			name = MyBingeQeuer;
			productName = MyBingeQeuer;
			productReference = 393EF0BE2991335B00E51979 /* MyBingeQeuer.app */;
			productType = "com.apple.product-type.application";
		};
		393EF0CE2991335B00E51979 /* MyBingeQeuerTests */ = {
			isa = PBXNativeTarget;
			buildConfigurationList = 393EF0E62991335B00E51979 /* Build configuration list for PBXNativeTarget "MyBingeQeuerTests" */;
			buildPhases = (
				393EF0CB2991335B00E51979 /* Sources */,
				393EF0CC2991335B00E51979 /* Frameworks */,
				393EF0CD2991335B00E51979 /* Resources */,
			);
			buildRules = (
			);
			dependencies = (
				393EF0D12991335B00E51979 /* PBXTargetDependency */,
			);
			name = MyBingeQeuerTests;
			productName = MyBingeQeuerTests;
			productReference = 393EF0CF2991335B00E51979 /* MyBingeQeuerTests.xctest */;
			productType = "com.apple.product-type.bundle.unit-test";
		};
		393EF0D82991335B00E51979 /* MyBingeQeuerUITests */ = {
			isa = PBXNativeTarget;
			buildConfigurationList = 393EF0E92991335B00E51979 /* Build configuration list for PBXNativeTarget "MyBingeQeuerUITests" */;
			buildPhases = (
				393EF0D52991335B00E51979 /* Sources */,
				393EF0D62991335B00E51979 /* Frameworks */,
				393EF0D72991335B00E51979 /* Resources */,
			);
			buildRules = (
			);
			dependencies = (
				393EF0DB2991335B00E51979 /* PBXTargetDependency */,
			);
			name = MyBingeQeuerUITests;
			productName = MyBingeQeuerUITests;
			productReference = 393EF0D92991335B00E51979 /* MyBingeQeuerUITests.xctest */;
			productType = "com.apple.product-type.bundle.ui-testing";
		};
/* End PBXNativeTarget section */

/* Begin PBXProject section */
		393EF0B62991335B00E51979 /* Project object */ = {
			isa = PBXProject;
			attributes = {
				BuildIndependentTargetsInParallel = 1;
				LastSwiftUpdateCheck = 1420;
				LastUpgradeCheck = 1420;
				TargetAttributes = {
					393EF0BD2991335B00E51979 = {
						CreatedOnToolsVersion = 14.2;
					};
					393EF0CE2991335B00E51979 = {
						CreatedOnToolsVersion = 14.2;
						TestTargetID = 393EF0BD2991335B00E51979;
					};
					393EF0D82991335B00E51979 = {
						CreatedOnToolsVersion = 14.2;
						TestTargetID = 393EF0BD2991335B00E51979;
					};
				};
			};
			buildConfigurationList = 393EF0B92991335B00E51979 /* Build configuration list for PBXProject "MyBingeQeuer" */;
			compatibilityVersion = "Xcode 14.0";
			developmentRegion = en;
			hasScannedForEncodings = 0;
			knownRegions = (
				en,
				Base,
			);
			mainGroup = 393EF0B52991335B00E51979;
			productRefGroup = 393EF0BF2991335B00E51979 /* Products */;
			projectDirPath = "";
			projectRoot = "";
			targets = (
				393EF0BD2991335B00E51979 /* MyBingeQeuer */,
				393EF0CE2991335B00E51979 /* MyBingeQeuerTests */,
				393EF0D82991335B00E51979 /* MyBingeQeuerUITests */,
			);
		};
/* End PBXProject section */

/* Begin PBXResourcesBuildPhase section */
		393EF0BC2991335B00E51979 /* Resources */ = {
			isa = PBXResourcesBuildPhase;
			buildActionMask = 2147483647;
			files = (
				393EF0CA2991335B00E51979 /* Preview Assets.xcassets in Resources */,
				393EF0C62991335B00E51979 /* Assets.xcassets in Resources */,
			);
			runOnlyForDeploymentPostprocessing = 0;
		};
		393EF0CD2991335B00E51979 /* Resources */ = {
			isa = PBXResourcesBuildPhase;
			buildActionMask = 2147483647;
			files = (
			);
			runOnlyForDeploymentPostprocessing = 0;
		};
		393EF0D72991335B00E51979 /* Resources */ = {
			isa = PBXResourcesBuildPhase;
			buildActionMask = 2147483647;
			files = (
			);
			runOnlyForDeploymentPostprocessing = 0;
		};
/* End PBXResourcesBuildPhase section */

/* Begin PBXSourcesBuildPhase section */
		393EF0BA2991335B00E51979 /* Sources */ = {
			isa = PBXSourcesBuildPhase;
			buildActionMask = 2147483647;
			files = (
				393EF0C42991335B00E51979 /* ContentView.swift in Sources */,
				3932A5E52992AEF3004CDC98 /* BingeRow.swift in Sources */,
				3974DA772992B833003CF448 /* SeriesList.swift in Sources */,
				3974DA702992B190003CF448 /* Series.swift in Sources */,
				393EF0C22991335B00E51979 /* MyBingeQeuerApp.swift in Sources */,
			);
			runOnlyForDeploymentPostprocessing = 0;
		};
		393EF0CB2991335B00E51979 /* Sources */ = {
			isa = PBXSourcesBuildPhase;
			buildActionMask = 2147483647;
			files = (
				393EF0D42991335B00E51979 /* MyBingeQeuerTests.swift in Sources */,
			);
			runOnlyForDeploymentPostprocessing = 0;
		};
		393EF0D52991335B00E51979 /* Sources */ = {
			isa = PBXSourcesBuildPhase;
			buildActionMask = 2147483647;
			files = (
				393EF0DE2991335B00E51979 /* MyBingeQeuerUITests.swift in Sources */,
				393EF0E02991335B00E51979 /* MyBingeQeuerUITestsLaunchTests.swift in Sources */,
			);
			runOnlyForDeploymentPostprocessing = 0;
		};
/* End PBXSourcesBuildPhase section */

/* Begin PBXTargetDependency section */
		393EF0D12991335B00E51979 /* PBXTargetDependency */ = {
			isa = PBXTargetDependency;
			target = 393EF0BD2991335B00E51979 /* MyBingeQeuer */;
			targetProxy = 393EF0D02991335B00E51979 /* PBXContainerItemProxy */;
		};
		393EF0DB2991335B00E51979 /* PBXTargetDependency */ = {
			isa = PBXTargetDependency;
			target = 393EF0BD2991335B00E51979 /* MyBingeQeuer */;
			targetProxy = 393EF0DA2991335B00E51979 /* PBXContainerItemProxy */;
		};
/* End PBXTargetDependency section */

/* Begin XCBuildConfiguration section */
		393EF0E12991335B00E51979 /* Debug */ = {
			isa = XCBuildConfiguration;
			buildSettings = {
				ALWAYS_SEARCH_USER_PATHS = NO;
				CLANG_ANALYZER_NONNULL = YES;
				CLANG_ANALYZER_NUMBER_OBJECT_CONVERSION = YES_AGGRESSIVE;
				CLANG_CXX_LANGUAGE_STANDARD = "gnu++20";
				CLANG_ENABLE_MODULES = YES;
				CLANG_ENABLE_OBJC_ARC = YES;
				CLANG_ENABLE_OBJC_WEAK = YES;
				CLANG_WARN_BLOCK_CAPTURE_AUTORELEASING = YES;
				CLANG_WARN_BOOL_CONVERSION = YES;
				CLANG_WARN_COMMA = YES;
				CLANG_WARN_CONSTANT_CONVERSION = YES;
				CLANG_WARN_DEPRECATED_OBJC_IMPLEMENTATIONS = YES;
				CLANG_WARN_DIRECT_OBJC_ISA_USAGE = YES_ERROR;
				CLANG_WARN_DOCUMENTATION_COMMENTS = YES;
				CLANG_WARN_EMPTY_BODY = YES;
				CLANG_WARN_ENUM_CONVERSION = YES;
				CLANG_WARN_INFINITE_RECURSION = YES;
				CLANG_WARN_INT_CONVERSION = YES;
				CLANG_WARN_NON_LITERAL_NULL_CONVERSION = YES;
				CLANG_WARN_OBJC_IMPLICIT_RETAIN_SELF = YES;
				CLANG_WARN_OBJC_LITERAL_CONVERSION = YES;
				CLANG_WARN_OBJC_ROOT_CLASS = YES_ERROR;
				CLANG_WARN_QUOTED_INCLUDE_IN_FRAMEWORK_HEADER = YES;
				CLANG_WARN_RANGE_LOOP_ANALYSIS = YES;
				CLANG_WARN_STRICT_PROTOTYPES = YES;
				CLANG_WARN_SUSPICIOUS_MOVE = YES;
				CLANG_WARN_UNGUARDED_AVAILABILITY = YES_AGGRESSIVE;
				CLANG_WARN_UNREACHABLE_CODE = YES;
				CLANG_WARN__DUPLICATE_METHOD_MATCH = YES;
				COPY_PHASE_STRIP = NO;
				DEBUG_INFORMATION_FORMAT = dwarf;
				ENABLE_STRICT_OBJC_MSGSEND = YES;
				ENABLE_TESTABILITY = YES;
				GCC_C_LANGUAGE_STANDARD = gnu11;
				GCC_DYNAMIC_NO_PIC = NO;
				GCC_NO_COMMON_BLOCKS = YES;
				GCC_OPTIMIZATION_LEVEL = 0;
				GCC_PREPROCESSOR_DEFINITIONS = (
					"DEBUG=1",
					"$(inherited)",
				);
				GCC_WARN_64_TO_32_BIT_CONVERSION = YES;
				GCC_WARN_ABOUT_RETURN_TYPE = YES_ERROR;
				GCC_WARN_UNDECLARED_SELECTOR = YES;
				GCC_WARN_UNINITIALIZED_AUTOS = YES_AGGRESSIVE;
				GCC_WARN_UNUSED_FUNCTION = YES;
				GCC_WARN_UNUSED_VARIABLE = YES;
				IPHONEOS_DEPLOYMENT_TARGET = 16.2;
				MTL_ENABLE_DEBUG_INFO = INCLUDE_SOURCE;
				MTL_FAST_MATH = YES;
				ONLY_ACTIVE_ARCH = YES;
				SWIFT_ACTIVE_COMPILATION_CONDITIONS = DEBUG;
				SWIFT_OPTIMIZATION_LEVEL = "-Onone";
			};
			name = Debug;
		};
		393EF0E22991335B00E51979 /* Release */ = {
			isa = XCBuildConfiguration;
			buildSettings = {
				ALWAYS_SEARCH_USER_PATHS = NO;
				CLANG_ANALYZER_NONNULL = YES;
				CLANG_ANALYZER_NUMBER_OBJECT_CONVERSION = YES_AGGRESSIVE;
				CLANG_CXX_LANGUAGE_STANDARD = "gnu++20";
				CLANG_ENABLE_MODULES = YES;
				CLANG_ENABLE_OBJC_ARC = YES;
				CLANG_ENABLE_OBJC_WEAK = YES;
				CLANG_WARN_BLOCK_CAPTURE_AUTORELEASING = YES;
				CLANG_WARN_BOOL_CONVERSION = YES;
				CLANG_WARN_COMMA = YES;
				CLANG_WARN_CONSTANT_CONVERSION = YES;
				CLANG_WARN_DEPRECATED_OBJC_IMPLEMENTATIONS = YES;
				CLANG_WARN_DIRECT_OBJC_ISA_USAGE = YES_ERROR;
				CLANG_WARN_DOCUMENTATION_COMMENTS = YES;
				CLANG_WARN_EMPTY_BODY = YES;
				CLANG_WARN_ENUM_CONVERSION = YES;
				CLANG_WARN_INFINITE_RECURSION = YES;
				CLANG_WARN_INT_CONVERSION = YES;
				CLANG_WARN_NON_LITERAL_NULL_CONVERSION = YES;
				CLANG_WARN_OBJC_IMPLICIT_RETAIN_SELF = YES;
				CLANG_WARN_OBJC_LITERAL_CONVERSION = YES;
				CLANG_WARN_OBJC_ROOT_CLASS = YES_ERROR;
				CLANG_WARN_QUOTED_INCLUDE_IN_FRAMEWORK_HEADER = YES;
				CLANG_WARN_RANGE_LOOP_ANALYSIS = YES;
				CLANG_WARN_STRICT_PROTOTYPES = YES;
				CLANG_WARN_SUSPICIOUS_MOVE = YES;
				CLANG_WARN_UNGUARDED_AVAILABILITY = YES_AGGRESSIVE;
				CLANG_WARN_UNREACHABLE_CODE = YES;
				CLANG_WARN__DUPLICATE_METHOD_MATCH = YES;
				COPY_PHASE_STRIP = NO;
				DEBUG_INFORMATION_FORMAT = "dwarf-with-dsym";
				ENABLE_NS_ASSERTIONS = NO;
				ENABLE_STRICT_OBJC_MSGSEND = YES;
				GCC_C_LANGUAGE_STANDARD = gnu11;
				GCC_NO_COMMON_BLOCKS = YES;
				GCC_WARN_64_TO_32_BIT_CONVERSION = YES;
				GCC_WARN_ABOUT_RETURN_TYPE = YES_ERROR;
				GCC_WARN_UNDECLARED_SELECTOR = YES;
				GCC_WARN_UNINITIALIZED_AUTOS = YES_AGGRESSIVE;
				GCC_WARN_UNUSED_FUNCTION = YES;
				GCC_WARN_UNUSED_VARIABLE = YES;
				IPHONEOS_DEPLOYMENT_TARGET = 16.2;
				MTL_ENABLE_DEBUG_INFO = NO;
				MTL_FAST_MATH = YES;
				SWIFT_COMPILATION_MODE = wholemodule;
				SWIFT_OPTIMIZATION_LEVEL = "-O";
			};
			name = Release;
		};
		393EF0E42991335B00E51979 /* Debug */ = {
			isa = XCBuildConfiguration;
			buildSettings = {
				ASSETCATALOG_COMPILER_APPICON_NAME = AppIcon;
				ASSETCATALOG_COMPILER_GLOBAL_ACCENT_COLOR_NAME = AccentColor;
				CODE_SIGN_ENTITLEMENTS = MyBingeQeuer/MyBingeQeuer.entitlements;
				CODE_SIGN_STYLE = Automatic;
				CURRENT_PROJECT_VERSION = 1;
				DEVELOPMENT_ASSET_PATHS = "\"MyBingeQeuer/Preview Content\"";
				ENABLE_PREVIEWS = YES;
				GENERATE_INFOPLIST_FILE = YES;
				"INFOPLIST_KEY_UIApplicationSceneManifest_Generation[sdk=iphoneos*]" = YES;
				"INFOPLIST_KEY_UIApplicationSceneManifest_Generation[sdk=iphonesimulator*]" = YES;
				"INFOPLIST_KEY_UIApplicationSupportsIndirectInputEvents[sdk=iphoneos*]" = YES;
				"INFOPLIST_KEY_UIApplicationSupportsIndirectInputEvents[sdk=iphonesimulator*]" = YES;
				"INFOPLIST_KEY_UILaunchScreen_Generation[sdk=iphoneos*]" = YES;
				"INFOPLIST_KEY_UILaunchScreen_Generation[sdk=iphonesimulator*]" = YES;
				INFOPLIST_KEY_UIStatusBarStyle = "";
				"INFOPLIST_KEY_UIStatusBarStyle[sdk=iphoneos*]" = UIStatusBarStyleDefault;
				"INFOPLIST_KEY_UIStatusBarStyle[sdk=iphonesimulator*]" = UIStatusBarStyleDefault;
				INFOPLIST_KEY_UISupportedInterfaceOrientations_iPad = "UIInterfaceOrientationPortrait UIInterfaceOrientationPortraitUpsideDown UIInterfaceOrientationLandscapeLeft UIInterfaceOrientationLandscapeRight";
				INFOPLIST_KEY_UISupportedInterfaceOrientations_iPhone = "UIInterfaceOrientationPortrait UIInterfaceOrientationLandscapeLeft UIInterfaceOrientationLandscapeRight";
				IPHONEOS_DEPLOYMENT_TARGET = 16.2;
				LD_RUNPATH_SEARCH_PATHS = "@executable_path/Frameworks";
				"LD_RUNPATH_SEARCH_PATHS[sdk=macosx*]" = "@executable_path/../Frameworks";
				MACOSX_DEPLOYMENT_TARGET = 12.6;
				MARKETING_VERSION = 1.0;
				PRODUCT_BUNDLE_IDENTIFIER = avans.MyBingeQeuer;
				PRODUCT_NAME = "$(TARGET_NAME)";
				SDKROOT = auto;
				SUPPORTED_PLATFORMS = "iphoneos iphonesimulator macosx";
				SWIFT_EMIT_LOC_STRINGS = YES;
				SWIFT_VERSION = 5.0;
				TARGETED_DEVICE_FAMILY = "1,2";
			};
			name = Debug;
		};
		393EF0E52991335B00E51979 /* Release */ = {
			isa = XCBuildConfiguration;
			buildSettings = {
				ASSETCATALOG_COMPILER_APPICON_NAME = AppIcon;
				ASSETCATALOG_COMPILER_GLOBAL_ACCENT_COLOR_NAME = AccentColor;
				CODE_SIGN_ENTITLEMENTS = MyBingeQeuer/MyBingeQeuer.entitlements;
				CODE_SIGN_STYLE = Automatic;
				CURRENT_PROJECT_VERSION = 1;
				DEVELOPMENT_ASSET_PATHS = "\"MyBingeQeuer/Preview Content\"";
				ENABLE_PREVIEWS = YES;
				GENERATE_INFOPLIST_FILE = YES;
				"INFOPLIST_KEY_UIApplicationSceneManifest_Generation[sdk=iphoneos*]" = YES;
				"INFOPLIST_KEY_UIApplicationSceneManifest_Generation[sdk=iphonesimulator*]" = YES;
				"INFOPLIST_KEY_UIApplicationSupportsIndirectInputEvents[sdk=iphoneos*]" = YES;
				"INFOPLIST_KEY_UIApplicationSupportsIndirectInputEvents[sdk=iphonesimulator*]" = YES;
				"INFOPLIST_KEY_UILaunchScreen_Generation[sdk=iphoneos*]" = YES;
				"INFOPLIST_KEY_UILaunchScreen_Generation[sdk=iphonesimulator*]" = YES;
				INFOPLIST_KEY_UIStatusBarStyle = "";
				"INFOPLIST_KEY_UIStatusBarStyle[sdk=iphoneos*]" = UIStatusBarStyleDefault;
				"INFOPLIST_KEY_UIStatusBarStyle[sdk=iphonesimulator*]" = UIStatusBarStyleDefault;
				INFOPLIST_KEY_UISupportedInterfaceOrientations_iPad = "UIInterfaceOrientationPortrait UIInterfaceOrientationPortraitUpsideDown UIInterfaceOrientationLandscapeLeft UIInterfaceOrientationLandscapeRight";
				INFOPLIST_KEY_UISupportedInterfaceOrientations_iPhone = "UIInterfaceOrientationPortrait UIInterfaceOrientationLandscapeLeft UIInterfaceOrientationLandscapeRight";
				IPHONEOS_DEPLOYMENT_TARGET = 16.2;
				LD_RUNPATH_SEARCH_PATHS = "@executable_path/Frameworks";
				"LD_RUNPATH_SEARCH_PATHS[sdk=macosx*]" = "@executable_path/../Frameworks";
				MACOSX_DEPLOYMENT_TARGET = 12.6;
				MARKETING_VERSION = 1.0;
				PRODUCT_BUNDLE_IDENTIFIER = avans.MyBingeQeuer;
				PRODUCT_NAME = "$(TARGET_NAME)";
				SDKROOT = auto;
				SUPPORTED_PLATFORMS = "iphoneos iphonesimulator macosx";
				SWIFT_EMIT_LOC_STRINGS = YES;
				SWIFT_VERSION = 5.0;
				TARGETED_DEVICE_FAMILY = "1,2";
			};
			name = Release;
		};
		393EF0E72991335B00E51979 /* Debug */ = {
			isa = XCBuildConfiguration;
			buildSettings = {
				ALWAYS_EMBED_SWIFT_STANDARD_LIBRARIES = YES;
				BUNDLE_LOADER = "$(TEST_HOST)";
				CODE_SIGN_STYLE = Automatic;
				CURRENT_PROJECT_VERSION = 1;
				GENERATE_INFOPLIST_FILE = YES;
				IPHONEOS_DEPLOYMENT_TARGET = 16.2;
				MACOSX_DEPLOYMENT_TARGET = 12.6;
				MARKETING_VERSION = 1.0;
				PRODUCT_BUNDLE_IDENTIFIER = avans.MyBingeQeuerTests;
				PRODUCT_NAME = "$(TARGET_NAME)";
				SDKROOT = auto;
				SUPPORTED_PLATFORMS = "iphoneos iphonesimulator macosx";
				SWIFT_EMIT_LOC_STRINGS = NO;
				SWIFT_VERSION = 5.0;
				TARGETED_DEVICE_FAMILY = "1,2";
				TEST_HOST = "$(BUILT_PRODUCTS_DIR)/MyBingeQeuer.app/$(BUNDLE_EXECUTABLE_FOLDER_PATH)/MyBingeQeuer";
			};
			name = Debug;
		};
		393EF0E82991335B00E51979 /* Release */ = {
			isa = XCBuildConfiguration;
			buildSettings = {
				ALWAYS_EMBED_SWIFT_STANDARD_LIBRARIES = YES;
				BUNDLE_LOADER = "$(TEST_HOST)";
				CODE_SIGN_STYLE = Automatic;
				CURRENT_PROJECT_VERSION = 1;
				GENERATE_INFOPLIST_FILE = YES;
				IPHONEOS_DEPLOYMENT_TARGET = 16.2;
				MACOSX_DEPLOYMENT_TARGET = 12.6;
				MARKETING_VERSION = 1.0;
				PRODUCT_BUNDLE_IDENTIFIER = avans.MyBingeQeuerTests;
				PRODUCT_NAME = "$(TARGET_NAME)";
				SDKROOT = auto;
				SUPPORTED_PLATFORMS = "iphoneos iphonesimulator macosx";
				SWIFT_EMIT_LOC_STRINGS = NO;
				SWIFT_VERSION = 5.0;
				TARGETED_DEVICE_FAMILY = "1,2";
				TEST_HOST = "$(BUILT_PRODUCTS_DIR)/MyBingeQeuer.app/$(BUNDLE_EXECUTABLE_FOLDER_PATH)/MyBingeQeuer";
			};
			name = Release;
		};
		393EF0EA2991335B00E51979 /* Debug */ = {
			isa = XCBuildConfiguration;
			buildSettings = {
				ALWAYS_EMBED_SWIFT_STANDARD_LIBRARIES = YES;
				CODE_SIGN_STYLE = Automatic;
				CURRENT_PROJECT_VERSION = 1;
				GENERATE_INFOPLIST_FILE = YES;
				IPHONEOS_DEPLOYMENT_TARGET = 16.2;
				MACOSX_DEPLOYMENT_TARGET = 12.6;
				MARKETING_VERSION = 1.0;
				PRODUCT_BUNDLE_IDENTIFIER = avans.MyBingeQeuerUITests;
				PRODUCT_NAME = "$(TARGET_NAME)";
				SDKROOT = auto;
				SUPPORTED_PLATFORMS = "iphoneos iphonesimulator macosx";
				SWIFT_EMIT_LOC_STRINGS = NO;
				SWIFT_VERSION = 5.0;
				TARGETED_DEVICE_FAMILY = "1,2";
				TEST_TARGET_NAME = MyBingeQeuer;
			};
			name = Debug;
		};
		393EF0EB2991335B00E51979 /* Release */ = {
			isa = XCBuildConfiguration;
			buildSettings = {
				ALWAYS_EMBED_SWIFT_STANDARD_LIBRARIES = YES;
				CODE_SIGN_STYLE = Automatic;
				CURRENT_PROJECT_VERSION = 1;
				GENERATE_INFOPLIST_FILE = YES;
				IPHONEOS_DEPLOYMENT_TARGET = 16.2;
				MACOSX_DEPLOYMENT_TARGET = 12.6;
				MARKETING_VERSION = 1.0;
				PRODUCT_BUNDLE_IDENTIFIER = avans.MyBingeQeuerUITests;
				PRODUCT_NAME = "$(TARGET_NAME)";
				SDKROOT = auto;
				SUPPORTED_PLATFORMS = "iphoneos iphonesimulator macosx";
				SWIFT_EMIT_LOC_STRINGS = NO;
				SWIFT_VERSION = 5.0;
				TARGETED_DEVICE_FAMILY = "1,2";
				TEST_TARGET_NAME = MyBingeQeuer;
			};
			name = Release;
		};
/* End XCBuildConfiguration section */

/* Begin XCConfigurationList section */
		393EF0B92991335B00E51979 /* Build configuration list for PBXProject "MyBingeQeuer" */ = {
			isa = XCConfigurationList;
			buildConfigurations = (
				393EF0E12991335B00E51979 /* Debug */,
				393EF0E22991335B00E51979 /* Release */,
			);
			defaultConfigurationIsVisible = 0;
			defaultConfigurationName = Release;
		};
		393EF0E32991335B00E51979 /* Build configuration list for PBXNativeTarget "MyBingeQeuer" */ = {
			isa = XCConfigurationList;
			buildConfigurations = (
				393EF0E42991335B00E51979 /* Debug */,
				393EF0E52991335B00E51979 /* Release */,
			);
			defaultConfigurationIsVisible = 0;
			defaultConfigurationName = Release;
		};
		393EF0E62991335B00E51979 /* Build configuration list for PBXNativeTarget "MyBingeQeuerTests" */ = {
			isa = XCConfigurationList;
			buildConfigurations = (
				393EF0E72991335B00E51979 /* Debug */,
				393EF0E82991335B00E51979 /* Release */,
			);
			defaultConfigurationIsVisible = 0;
			defaultConfigurationName = Release;
		};
		393EF0E92991335B00E51979 /* Build configuration list for PBXNativeTarget "MyBingeQeuerUITests" */ = {
			isa = XCConfigurationList;
			buildConfigurations = (
				393EF0EA2991335B00E51979 /* Debug */,
				393EF0EB2991335B00E51979 /* Release */,
			);
			defaultConfigurationIsVisible = 0;
			defaultConfigurationName = Release;
		};
/* End XCConfigurationList section */
	};
	rootObject = 393EF0B62991335B00E51979 /* Project object */;
}
